
Microsoft Visual Studio Solution File, Format Version 12.00
# Visual Studio Version 17
VisualStudioVersion = 17.0.31903.59
MinimumVisualStudioVersion = 10.0.40219.1
Project("{FAE04EC0-301F-11D3-BF4B-00C04F79EFBC}") = "TestPackage", "TestPackage\TestPackage.csproj", "{3DDBF6B6-5C56-43F9-8BBC-8D8A26982FDC}"
EndProject
Project("{FAE04EC0-301F-11D3-BF4B-00C04F79EFBC}") = "TestPackage.Tests", "TestPackage.Tests\TestPackage.Tests.csproj", "{9346CBE9-656C-42B0-A6B8-B90DB7925027}"
EndProject
Global
	GlobalSection(SolutionConfigurationPlatforms) = preSolution
		Debug|Any CPU = Debug|Any CPU
		Release|Any CPU = Release|Any CPU
	EndGlobalSection
	GlobalSection(SolutionProperties) = preSolution
		HideSolutionNode = FALSE
	EndGlobalSection
	GlobalSection(ProjectConfigurationPlatforms) = postSolution
		{3DDBF6B6-5C56-43F9-8BBC-8D8A26982FDC}.Debug|Any CPU.ActiveCfg = Debug|Any CPU
		{3DDBF6B6-5C56-43F9-8BBC-8D8A26982FDC}.Debug|Any CPU.Build.0 = Debug|Any CPU
		{3DDBF6B6-5C56-43F9-8BBC-8D8A26982FDC}.Release|Any CPU.ActiveCfg = Release|Any CPU
		{3DDBF6B6-5C56-43F9-8BBC-8D8A26982FDC}.Release|Any CPU.Build.0 = Release|Any CPU
		{9346CBE9-656C-42B0-A6B8-B90DB7925027}.Debug|Any CPU.ActiveCfg = Debug|Any CPU
		{9346CBE9-656C-42B0-A6B8-B90DB7925027}.Debug|Any CPU.Build.0 = Debug|Any CPU
		{9346CBE9-656C-42B0-A6B8-B90DB7925027}.Release|Any CPU.ActiveCfg = Debug|Any CPU
		{9346CBE9-656C-42B0-A6B8-B90DB7925027}.Release|Any CPU.Build.0 = Debug|Any CPU
	EndGlobalSection
EndGlobal
