Microsoft Visual Studio Solution File, Format Version 12.00
# Visual Studio 2012
Project("{FAE04EC0-301F-11D3-BF4B-00C04F79EFBC}") = "TestPackage.Tests", "TestPackage.Tests.csproj", "{4886C427-3DD6-4A60-945C-D19FA16EA70F}"
EndProject
Global
	GlobalSection(SolutionConfigurationPlatforms) = preSolution
	Debug|Any CPU = Debug|Any CPU
	ExportDebug|Any CPU = ExportDebug|Any CPU
	ExportRelease|Any CPU = ExportRelease|Any CPU
	EndGlobalSection
	GlobalSection(ProjectConfigurationPlatforms) = postSolution
		{4886C427-3DD6-4A60-945C-D19FA16EA70F}.Debug|Any CPU.ActiveCfg = Debug|Any CPU
		{4886C427-3DD6-4A60-945C-D19FA16EA70F}.Debug|Any CPU.Build.0 = Debug|Any CPU
		{4886C427-3DD6-4A60-945C-D19FA16EA70F}.ExportDebug|Any CPU.ActiveCfg = ExportDebug|Any CPU
		{4886C427-3DD6-4A60-945C-D19FA16EA70F}.ExportDebug|Any CPU.Build.0 = ExportDebug|Any CPU
		{4886C427-3DD6-4A60-945C-D19FA16EA70F}.ExportRelease|Any CPU.ActiveCfg = ExportRelease|Any CPU
		{4886C427-3DD6-4A60-945C-D19FA16EA70F}.ExportRelease|Any CPU.Build.0 = ExportRelease|Any CPU
	EndGlobalSection
EndGlobal
